# @generated - this file is auto-generated by `mise lock` https://mise.en.dev/dev-tools/mise-lock.html

[[tools."github:modelcontextprotocol/registry"]]
version = "1.7.2"
backend = "github:modelcontextprotocol/registry"

[tools."github:modelcontextprotocol/registry"."platforms.linux-arm64"]
checksum = "sha256:86b808a1bc809a089bdb88cab576627c41c8e0527b01f8af25566af14b1d8153"
url = "https://github.com/modelcontextprotocol/registry/releases/download/v1.7.2/registry_linux_arm64.tar.gz"
url_api = "https://api.github.com/repos/modelcontextprotocol/registry/releases/assets/406833495"

[tools."github:modelcontextprotocol/registry"."platforms.linux-arm64-musl"]
checksum = "sha256:86b808a1bc809a089bdb88cab576627c41c8e0527b01f8af25566af14b1d8153"
url = "https://github.com/modelcontextprotocol/registry/releases/download/v1.7.2/registry_linux_arm64.tar.gz"
url_api = "https://api.github.com/repos/modelcontextprotocol/registry/releases/assets/406833495"

[tools."github:modelcontextprotocol/registry"."platforms.linux-x64"]
checksum = "sha256:544149e3fb9440673d294bf1465f31b96027d76f67bd9cb4f18d206c173874da"
url = "https://github.com/modelcontextprotocol/registry/releases/download/v1.7.2/registry_linux_amd64.tar.gz"
url_api = "https://api.github.com/repos/modelcontextprotocol/registry/releases/assets/406833471"

[tools."github:modelcontextprotocol/registry"."platforms.linux-x64-musl"]
checksum = "sha256:544149e3fb9440673d294bf1465f31b96027d76f67bd9cb4f18d206c173874da"
url = "https://github.com/modelcontextprotocol/registry/releases/download/v1.7.2/registry_linux_amd64.tar.gz"
url_api = "https://api.github.com/repos/modelcontextprotocol/registry/releases/assets/406833471"

[tools."github:modelcontextprotocol/registry"."platforms.macos-arm64"]
checksum = "sha256:5bc55502bae330f23ff6d3676564f88d8d61606fb3730b69261115d4fd01156a"
url = "https://github.com/modelcontextprotocol/registry/releases/download/v1.7.2/registry_darwin_arm64.tar.gz"
url_api = "https://api.github.com/repos/modelcontextprotocol/registry/releases/assets/406833472"

[tools."github:modelcontextprotocol/registry"."platforms.macos-x64"]
checksum = "sha256:109022cffeb023b23d983ba397748fe359ede6315ad6b3c263a9d68920be1361"
url = "https://github.com/modelcontextprotocol/registry/releases/download/v1.7.2/registry_darwin_amd64.tar.gz"
url_api = "https://api.github.com/repos/modelcontextprotocol/registry/releases/assets/406833473"

[tools."github:modelcontextprotocol/registry"."platforms.windows-x64"]
checksum = "sha256:9d7c9cab8a4520590e06738a3a8aa8f88da4a8f06a7b9e0f45b8d51394afa98a"
url = "https://github.com/modelcontextprotocol/registry/releases/download/v1.7.2/registry_windows_amd64.tar.gz"
url_api = "https://api.github.com/repos/modelcontextprotocol/registry/releases/assets/406833496"

[[tools.node]]
version = "24.15.0"
backend = "core:node"

[tools.node."platforms.linux-arm64"]
checksum = "sha256:73afc234d558c24919875f51c2d1ea002a2ada4ea6f83601a383869fefa64eed"
url = "https://nodejs.org/dist/v24.15.0/node-v24.15.0-linux-arm64.tar.gz"

[tools.node."platforms.linux-arm64-musl"]
checksum = "sha256:31e98aa960a067da91edffd5d93bc46657b5d2a8029612c359f5f2ac0060152a"
url = "https://unofficial-builds.nodejs.org/download/release/v24.15.0/node-v24.15.0-linux-arm64-musl.tar.gz"

[tools.node."platforms.linux-x64"]
checksum = "sha256:44836872d9aec49f1e6b52a9a922872db9a2b02d235a616a5681b6a85fec8d89"
url = "https://nodejs.org/dist/v24.15.0/node-v24.15.0-linux-x64.tar.gz"

[tools.node."platforms.linux-x64-musl"]
checksum = "sha256:f55af5bd489c5347b113ca6594cae00a54b30ba57ac5875324311bfc6f4762e3"
url = "https://unofficial-builds.nodejs.org/download/release/v24.15.0/node-v24.15.0-linux-x64-musl.tar.gz"

[tools.node."platforms.macos-arm64"]
checksum = "sha256:372331b969779ab5d15b949884fc6eaf88d5afe87bde8ba881d6400b9100ffc4"
url = "https://nodejs.org/dist/v24.15.0/node-v24.15.0-darwin-arm64.tar.gz"

[tools.node."platforms.macos-x64"]
checksum = "sha256:ffd5ee293467927f3ee731a553eb88fd1f48cf74eebc2d74a6babe4af228673b"
url = "https://nodejs.org/dist/v24.15.0/node-v24.15.0-darwin-x64.tar.gz"

[tools.node."platforms.windows-x64"]
checksum = "sha256:cc5149eabd53779ce1e7bdc5401643622d0c7e6800ade18928a767e940bb0e62"
url = "https://nodejs.org/dist/v24.15.0/node-v24.15.0-win-x64.zip"

[[tools.pnpm]]
version = "10.33.2"
backend = "aqua:pnpm/pnpm"

[tools.pnpm."platforms.linux-arm64"]
checksum = "sha256:0828e5ee23be89d22bd53cc36e93c181ce9d5c47d75f9fe9bf4bdc7a65c66322"
url = "https://github.com/pnpm/pnpm/releases/download/v10.33.2/pnpm-linux-arm64"

[tools.pnpm."platforms.linux-arm64-musl"]
checksum = "sha256:0828e5ee23be89d22bd53cc36e93c181ce9d5c47d75f9fe9bf4bdc7a65c66322"
url = "https://github.com/pnpm/pnpm/releases/download/v10.33.2/pnpm-linux-arm64"

[tools.pnpm."platforms.linux-x64"]
checksum = "sha256:39d7b6600239712bc9581ea219b17ffef46ba60998779cb717be2e068be029ef"
url = "https://github.com/pnpm/pnpm/releases/download/v10.33.2/pnpm-linux-x64"

[tools.pnpm."platforms.linux-x64-musl"]
checksum = "sha256:39d7b6600239712bc9581ea219b17ffef46ba60998779cb717be2e068be029ef"
url = "https://github.com/pnpm/pnpm/releases/download/v10.33.2/pnpm-linux-x64"

[tools.pnpm."platforms.macos-arm64"]
checksum = "sha256:a99a4d5d0e6bd3728949c24ff74a2f2f2d07f73bc48fd308e4eea75d8e72acdc"
url = "https://github.com/pnpm/pnpm/releases/download/v10.33.2/pnpm-macos-arm64"

[tools.pnpm."platforms.macos-x64"]
checksum = "sha256:3b66abb865f4e7a82393861f0f3784d67a704a31a4021739874d4b7910793dca"
url = "https://github.com/pnpm/pnpm/releases/download/v10.33.2/pnpm-macos-x64"

[tools.pnpm."platforms.windows-x64"]
checksum = "sha256:3d1af71e9da7081efd58f95942e1f7e2107bf8fcdae03eb2331c0b6cea59510b"
url = "https://github.com/pnpm/pnpm/releases/download/v10.33.2/pnpm-win-x64.exe"
